
Microsoft Visual Studio Solution File, Format Version 12.00
# Visual Studio 15
VisualStudioVersion = 15.0.27130.2003
MinimumVisualStudioVersion = 10.0.40219.1
Project("{8BC9CEB8-8B4A-11D0-8D11-00A0C91BC942}") = "Threads3", "Threads3\Threads3.vcxproj", "{3B409B9E-0170-4C66-8E26-1F35398E6D9F}"
EndProject
Project("{8BC9CEB8-8B4A-11D0-8D11-00A0C91BC942}") = "Kakukktojas", "Kakukktojas\Kakukktojas.vcxproj", "{88E4E913-45F8-4923-A579-8B1E30AF021A}"
EndProject
Project("{8BC9CEB8-8B4A-11D0-8D11-00A0C91BC942}") = "Any", "Any\Any.vcxproj", "{5318BEAC-854E-4973-979D-E608B5DAC8D5}"
EndProject
Project("{8BC9CEB8-8B4A-11D0-8D11-00A0C91BC942}") = "Any2", "Any2\Any2.vcxproj", "{0D274DD3-94A4-44AC-9738-F0D1AC92976E}"
EndProject
Project("{8BC9CEB8-8B4A-11D0-8D11-00A0C91BC942}") = "VariadikusSablon", "VariadikusSablon\VariadikusSablon.vcxproj", "{B98E2BE6-3F67-4531-8CCB-EE39FA4B1C5C}"
EndProject
Project("{8BC9CEB8-8B4A-11D0-8D11-00A0C91BC942}") = "Aprosagok", "Aprosagok\Aprosagok.vcxproj", "{3F12ADD5-9CF8-403A-91A1-E7367C5C35FF}"
EndProject
Project("{8BC9CEB8-8B4A-11D0-8D11-00A0C91BC942}") = "Dll3", "Dll3\Dll3.vcxproj", "{5E296877-19AD-4469-A917-ADA0239D1D30}"
EndProject
Project("{8BC9CEB8-8B4A-11D0-8D11-00A0C91BC942}") = "Project1", "Project1\Project1.vcxproj", "{C28C9540-374F-4E44-8F3F-76B0857788EF}"
EndProject
Project("{8BC9CEB8-8B4A-11D0-8D11-00A0C91BC942}") = "Eq", "Eq\Eq.vcxproj", "{7BCFF70E-0F5C-449C-9353-C19D1EF6B05C}"
EndProject
Project("{8BC9CEB8-8B4A-11D0-8D11-00A0C91BC942}") = "Kontenerek", "..\Kontenerek\Kontenerek\Kontenerek.vcxproj", "{54673DF1-929C-4E51-9A76-02BDD0040E79}"
EndProject
Project("{8BC9CEB8-8B4A-11D0-8D11-00A0C91BC942}") = "Container2", "..\Container2\Container2\Container2.vcxproj", "{840979FB-1DEF-4981-9A1B-60BC5EE6F926}"
EndProject
Project("{8BC9CEB8-8B4A-11D0-8D11-00A0C91BC942}") = "TS", "..\TS\TS\TS.vcxproj", "{D3406A30-45EC-498A-B7BA-98798297F67A}"
EndProject
Project("{8BC9CEB8-8B4A-11D0-8D11-00A0C91BC942}") = "Verem", "..\Verem\Verem\Verem.vcxproj", "{2082A02F-7189-403E-BB63-09F62D4D1EF2}"
EndProject
Project("{8BC9CEB8-8B4A-11D0-8D11-00A0C91BC942}") = "Lambda", "..\Lambda\Lambda\Lambda.vcxproj", "{21C1D1AE-D3E8-43C6-8BA6-A4B764394A3C}"
EndProject
Project("{8BC9CEB8-8B4A-11D0-8D11-00A0C91BC942}") = "OKOSMutato", "..\OKOSMutato\OKOSMutato\OKOSMutato.vcxproj", "{0A02BEBC-7EDF-47FB-A8BD-1C8FA4ACFA71}"
EndProject
Project("{8BC9CEB8-8B4A-11D0-8D11-00A0C91BC942}") = "Optional", "..\Optional\Optional\Optional.vcxproj", "{FD34B200-7C7D-4202-9254-907EE18A9EA8}"
EndProject
Project("{8BC9CEB8-8B4A-11D0-8D11-00A0C91BC942}") = "OpenMP", "..\OpenMP\OpenMP\OpenMP.vcxproj", "{F30169CE-DEC4-4CD2-8D9E-3AD27675479C}"
EndProject
Project("{8BC9CEB8-8B4A-11D0-8D11-00A0C91BC942}") = "OpenMp2", "..\OpenMp2\OpenMp2\OpenMp2.vcxproj", "{6C16167D-21E0-4F98-B2D0-0976B385BC4F}"
EndProject
Project("{8BC9CEB8-8B4A-11D0-8D11-00A0C91BC942}") = "Osztalyok1", "..\Osztalyok1\Osztalyok1\Osztalyok1.vcxproj", "{BF624634-AB13-47E2-8F51-FA1255CB42F6}"
EndProject
Project("{8BC9CEB8-8B4A-11D0-8D11-00A0C91BC942}") = "Move1", "..\Move1\Move1\Move1.vcxproj", "{6D9BCA09-35A9-4460-8BEC-9BB6A0D14AE5}"
EndProject
Project("{8BC9CEB8-8B4A-11D0-8D11-00A0C91BC942}") = "Sejt", "..\Sejt\Sejt\Sejt.vcxproj", "{65889B35-2918-4BB1-A216-E10ECC514058}"
EndProject
Project("{8BC9CEB8-8B4A-11D0-8D11-00A0C91BC942}") = "Threading0", "..\Threading0\Threading0\Threading0.vcxproj", "{CDC9A720-EC2F-45D3-A2F0-9A721DB29A2A}"
EndProject
Project("{8BC9CEB8-8B4A-11D0-8D11-00A0C91BC942}") = "Threading1", "..\Threading1\Threading1\Threading1.vcxproj", "{444360FF-FC46-4B63-89CF-8F042E62271B}"
EndProject
Project("{8BC9CEB8-8B4A-11D0-8D11-00A0C91BC942}") = "Threading2", "..\Threading2\Threading2\Threading2.vcxproj", "{B5BC79F6-4781-4D44-BA5E-AC03AF55A8B7}"
EndProject
Global
	GlobalSection(SolutionConfigurationPlatforms) = preSolution
		Debug|x64 = Debug|x64
		Debug|x86 = Debug|x86
		Release|x64 = Release|x64
		Release|x86 = Release|x86
	EndGlobalSection
	GlobalSection(ProjectConfigurationPlatforms) = postSolution
		{3B409B9E-0170-4C66-8E26-1F35398E6D9F}.Debug|x64.ActiveCfg = Debug|x64
		{3B409B9E-0170-4C66-8E26-1F35398E6D9F}.Debug|x64.Build.0 = Debug|x64
		{3B409B9E-0170-4C66-8E26-1F35398E6D9F}.Debug|x86.ActiveCfg = Debug|Win32
		{3B409B9E-0170-4C66-8E26-1F35398E6D9F}.Debug|x86.Build.0 = Debug|Win32
		{3B409B9E-0170-4C66-8E26-1F35398E6D9F}.Release|x64.ActiveCfg = Release|x64
		{3B409B9E-0170-4C66-8E26-1F35398E6D9F}.Release|x64.Build.0 = Release|x64
		{3B409B9E-0170-4C66-8E26-1F35398E6D9F}.Release|x86.ActiveCfg = Release|Win32
		{3B409B9E-0170-4C66-8E26-1F35398E6D9F}.Release|x86.Build.0 = Release|Win32
		{88E4E913-45F8-4923-A579-8B1E30AF021A}.Debug|x64.ActiveCfg = Debug|x64
		{88E4E913-45F8-4923-A579-8B1E30AF021A}.Debug|x64.Build.0 = Debug|x64
		{88E4E913-45F8-4923-A579-8B1E30AF021A}.Debug|x86.ActiveCfg = Debug|Win32
		{88E4E913-45F8-4923-A579-8B1E30AF021A}.Debug|x86.Build.0 = Debug|Win32
		{88E4E913-45F8-4923-A579-8B1E30AF021A}.Release|x64.ActiveCfg = Release|x64
		{88E4E913-45F8-4923-A579-8B1E30AF021A}.Release|x64.Build.0 = Release|x64
		{88E4E913-45F8-4923-A579-8B1E30AF021A}.Release|x86.ActiveCfg = Release|Win32
		{88E4E913-45F8-4923-A579-8B1E30AF021A}.Release|x86.Build.0 = Release|Win32
		{5318BEAC-854E-4973-979D-E608B5DAC8D5}.Debug|x64.ActiveCfg = Debug|x64
		{5318BEAC-854E-4973-979D-E608B5DAC8D5}.Debug|x64.Build.0 = Debug|x64
		{5318BEAC-854E-4973-979D-E608B5DAC8D5}.Debug|x86.ActiveCfg = Debug|Win32
		{5318BEAC-854E-4973-979D-E608B5DAC8D5}.Debug|x86.Build.0 = Debug|Win32
		{5318BEAC-854E-4973-979D-E608B5DAC8D5}.Release|x64.ActiveCfg = Release|x64
		{5318BEAC-854E-4973-979D-E608B5DAC8D5}.Release|x64.Build.0 = Release|x64
		{5318BEAC-854E-4973-979D-E608B5DAC8D5}.Release|x86.ActiveCfg = Release|Win32
		{5318BEAC-854E-4973-979D-E608B5DAC8D5}.Release|x86.Build.0 = Release|Win32
		{0D274DD3-94A4-44AC-9738-F0D1AC92976E}.Debug|x64.ActiveCfg = Debug|x64
		{0D274DD3-94A4-44AC-9738-F0D1AC92976E}.Debug|x64.Build.0 = Debug|x64
		{0D274DD3-94A4-44AC-9738-F0D1AC92976E}.Debug|x86.ActiveCfg = Debug|Win32
		{0D274DD3-94A4-44AC-9738-F0D1AC92976E}.Debug|x86.Build.0 = Debug|Win32
		{0D274DD3-94A4-44AC-9738-F0D1AC92976E}.Release|x64.ActiveCfg = Release|x64
		{0D274DD3-94A4-44AC-9738-F0D1AC92976E}.Release|x64.Build.0 = Release|x64
		{0D274DD3-94A4-44AC-9738-F0D1AC92976E}.Release|x86.ActiveCfg = Release|Win32
		{0D274DD3-94A4-44AC-9738-F0D1AC92976E}.Release|x86.Build.0 = Release|Win32
		{B98E2BE6-3F67-4531-8CCB-EE39FA4B1C5C}.Debug|x64.ActiveCfg = Debug|x64
		{B98E2BE6-3F67-4531-8CCB-EE39FA4B1C5C}.Debug|x64.Build.0 = Debug|x64
		{B98E2BE6-3F67-4531-8CCB-EE39FA4B1C5C}.Debug|x86.ActiveCfg = Debug|Win32
		{B98E2BE6-3F67-4531-8CCB-EE39FA4B1C5C}.Debug|x86.Build.0 = Debug|Win32
		{B98E2BE6-3F67-4531-8CCB-EE39FA4B1C5C}.Release|x64.ActiveCfg = Release|x64
		{B98E2BE6-3F67-4531-8CCB-EE39FA4B1C5C}.Release|x64.Build.0 = Release|x64
		{B98E2BE6-3F67-4531-8CCB-EE39FA4B1C5C}.Release|x86.ActiveCfg = Release|Win32
		{B98E2BE6-3F67-4531-8CCB-EE39FA4B1C5C}.Release|x86.Build.0 = Release|Win32
		{3F12ADD5-9CF8-403A-91A1-E7367C5C35FF}.Debug|x64.ActiveCfg = Debug|x64
		{3F12ADD5-9CF8-403A-91A1-E7367C5C35FF}.Debug|x64.Build.0 = Debug|x64
		{3F12ADD5-9CF8-403A-91A1-E7367C5C35FF}.Debug|x86.ActiveCfg = Debug|Win32
		{3F12ADD5-9CF8-403A-91A1-E7367C5C35FF}.Debug|x86.Build.0 = Debug|Win32
		{3F12ADD5-9CF8-403A-91A1-E7367C5C35FF}.Release|x64.ActiveCfg = Release|x64
		{3F12ADD5-9CF8-403A-91A1-E7367C5C35FF}.Release|x64.Build.0 = Release|x64
		{3F12ADD5-9CF8-403A-91A1-E7367C5C35FF}.Release|x86.ActiveCfg = Release|Win32
		{3F12ADD5-9CF8-403A-91A1-E7367C5C35FF}.Release|x86.Build.0 = Release|Win32
		{5E296877-19AD-4469-A917-ADA0239D1D30}.Debug|x64.ActiveCfg = Debug|x64
		{5E296877-19AD-4469-A917-ADA0239D1D30}.Debug|x64.Build.0 = Debug|x64
		{5E296877-19AD-4469-A917-ADA0239D1D30}.Debug|x86.ActiveCfg = Debug|Win32
		{5E296877-19AD-4469-A917-ADA0239D1D30}.Debug|x86.Build.0 = Debug|Win32
		{5E296877-19AD-4469-A917-ADA0239D1D30}.Release|x64.ActiveCfg = Release|x64
		{5E296877-19AD-4469-A917-ADA0239D1D30}.Release|x64.Build.0 = Release|x64
		{5E296877-19AD-4469-A917-ADA0239D1D30}.Release|x86.ActiveCfg = Release|Win32
		{5E296877-19AD-4469-A917-ADA0239D1D30}.Release|x86.Build.0 = Release|Win32
		{C28C9540-374F-4E44-8F3F-76B0857788EF}.Debug|x64.ActiveCfg = Debug|x64
		{C28C9540-374F-4E44-8F3F-76B0857788EF}.Debug|x64.Build.0 = Debug|x64
		{C28C9540-374F-4E44-8F3F-76B0857788EF}.Debug|x86.ActiveCfg = Debug|Win32
		{C28C9540-374F-4E44-8F3F-76B0857788EF}.Debug|x86.Build.0 = Debug|Win32
		{C28C9540-374F-4E44-8F3F-76B0857788EF}.Release|x64.ActiveCfg = Release|x64
		{C28C9540-374F-4E44-8F3F-76B0857788EF}.Release|x64.Build.0 = Release|x64
		{C28C9540-374F-4E44-8F3F-76B0857788EF}.Release|x86.ActiveCfg = Release|Win32
		{C28C9540-374F-4E44-8F3F-76B0857788EF}.Release|x86.Build.0 = Release|Win32
		{7BCFF70E-0F5C-449C-9353-C19D1EF6B05C}.Debug|x64.ActiveCfg = Debug|x64
		{7BCFF70E-0F5C-449C-9353-C19D1EF6B05C}.Debug|x64.Build.0 = Debug|x64
		{7BCFF70E-0F5C-449C-9353-C19D1EF6B05C}.Debug|x86.ActiveCfg = Debug|Win32
		{7BCFF70E-0F5C-449C-9353-C19D1EF6B05C}.Debug|x86.Build.0 = Debug|Win32
		{7BCFF70E-0F5C-449C-9353-C19D1EF6B05C}.Release|x64.ActiveCfg = Release|x64
		{7BCFF70E-0F5C-449C-9353-C19D1EF6B05C}.Release|x64.Build.0 = Release|x64
		{7BCFF70E-0F5C-449C-9353-C19D1EF6B05C}.Release|x86.ActiveCfg = Release|Win32
		{7BCFF70E-0F5C-449C-9353-C19D1EF6B05C}.Release|x86.Build.0 = Release|Win32
		{54673DF1-929C-4E51-9A76-02BDD0040E79}.Debug|x64.ActiveCfg = Debug|x64
		{54673DF1-929C-4E51-9A76-02BDD0040E79}.Debug|x64.Build.0 = Debug|x64
		{54673DF1-929C-4E51-9A76-02BDD0040E79}.Debug|x86.ActiveCfg = Debug|Win32
		{54673DF1-929C-4E51-9A76-02BDD0040E79}.Debug|x86.Build.0 = Debug|Win32
		{54673DF1-929C-4E51-9A76-02BDD0040E79}.Release|x64.ActiveCfg = Release|x64
		{54673DF1-929C-4E51-9A76-02BDD0040E79}.Release|x64.Build.0 = Release|x64
		{54673DF1-929C-4E51-9A76-02BDD0040E79}.Release|x86.ActiveCfg = Release|Win32
		{54673DF1-929C-4E51-9A76-02BDD0040E79}.Release|x86.Build.0 = Release|Win32
		{840979FB-1DEF-4981-9A1B-60BC5EE6F926}.Debug|x64.ActiveCfg = Debug|x64
		{840979FB-1DEF-4981-9A1B-60BC5EE6F926}.Debug|x64.Build.0 = Debug|x64
		{840979FB-1DEF-4981-9A1B-60BC5EE6F926}.Debug|x86.ActiveCfg = Debug|Win32
		{840979FB-1DEF-4981-9A1B-60BC5EE6F926}.Debug|x86.Build.0 = Debug|Win32
		{840979FB-1DEF-4981-9A1B-60BC5EE6F926}.Release|x64.ActiveCfg = Release|x64
		{840979FB-1DEF-4981-9A1B-60BC5EE6F926}.Release|x64.Build.0 = Release|x64
		{840979FB-1DEF-4981-9A1B-60BC5EE6F926}.Release|x86.ActiveCfg = Release|Win32
		{840979FB-1DEF-4981-9A1B-60BC5EE6F926}.Release|x86.Build.0 = Release|Win32
		{D3406A30-45EC-498A-B7BA-98798297F67A}.Debug|x64.ActiveCfg = Debug|x64
		{D3406A30-45EC-498A-B7BA-98798297F67A}.Debug|x64.Build.0 = Debug|x64
		{D3406A30-45EC-498A-B7BA-98798297F67A}.Debug|x86.ActiveCfg = Debug|Win32
		{D3406A30-45EC-498A-B7BA-98798297F67A}.Debug|x86.Build.0 = Debug|Win32
		{D3406A30-45EC-498A-B7BA-98798297F67A}.Release|x64.ActiveCfg = Release|x64
		{D3406A30-45EC-498A-B7BA-98798297F67A}.Release|x64.Build.0 = Release|x64
		{D3406A30-45EC-498A-B7BA-98798297F67A}.Release|x86.ActiveCfg = Release|Win32
		{D3406A30-45EC-498A-B7BA-98798297F67A}.Release|x86.Build.0 = Release|Win32
		{2082A02F-7189-403E-BB63-09F62D4D1EF2}.Debug|x64.ActiveCfg = Debug|x64
		{2082A02F-7189-403E-BB63-09F62D4D1EF2}.Debug|x64.Build.0 = Debug|x64
		{2082A02F-7189-403E-BB63-09F62D4D1EF2}.Debug|x86.ActiveCfg = Debug|Win32
		{2082A02F-7189-403E-BB63-09F62D4D1EF2}.Debug|x86.Build.0 = Debug|Win32
		{2082A02F-7189-403E-BB63-09F62D4D1EF2}.Release|x64.ActiveCfg = Release|x64
		{2082A02F-7189-403E-BB63-09F62D4D1EF2}.Release|x64.Build.0 = Release|x64
		{2082A02F-7189-403E-BB63-09F62D4D1EF2}.Release|x86.ActiveCfg = Release|Win32
		{2082A02F-7189-403E-BB63-09F62D4D1EF2}.Release|x86.Build.0 = Release|Win32
		{21C1D1AE-D3E8-43C6-8BA6-A4B764394A3C}.Debug|x64.ActiveCfg = Debug|x64
		{21C1D1AE-D3E8-43C6-8BA6-A4B764394A3C}.Debug|x64.Build.0 = Debug|x64
		{21C1D1AE-D3E8-43C6-8BA6-A4B764394A3C}.Debug|x86.ActiveCfg = Debug|Win32
		{21C1D1AE-D3E8-43C6-8BA6-A4B764394A3C}.Debug|x86.Build.0 = Debug|Win32
		{21C1D1AE-D3E8-43C6-8BA6-A4B764394A3C}.Release|x64.ActiveCfg = Release|x64
		{21C1D1AE-D3E8-43C6-8BA6-A4B764394A3C}.Release|x64.Build.0 = Release|x64
		{21C1D1AE-D3E8-43C6-8BA6-A4B764394A3C}.Release|x86.ActiveCfg = Release|Win32
		{21C1D1AE-D3E8-43C6-8BA6-A4B764394A3C}.Release|x86.Build.0 = Release|Win32
		{0A02BEBC-7EDF-47FB-A8BD-1C8FA4ACFA71}.Debug|x64.ActiveCfg = Debug|x64
		{0A02BEBC-7EDF-47FB-A8BD-1C8FA4ACFA71}.Debug|x64.Build.0 = Debug|x64
		{0A02BEBC-7EDF-47FB-A8BD-1C8FA4ACFA71}.Debug|x86.ActiveCfg = Debug|Win32
		{0A02BEBC-7EDF-47FB-A8BD-1C8FA4ACFA71}.Debug|x86.Build.0 = Debug|Win32
		{0A02BEBC-7EDF-47FB-A8BD-1C8FA4ACFA71}.Release|x64.ActiveCfg = Release|x64
		{0A02BEBC-7EDF-47FB-A8BD-1C8FA4ACFA71}.Release|x64.Build.0 = Release|x64
		{0A02BEBC-7EDF-47FB-A8BD-1C8FA4ACFA71}.Release|x86.ActiveCfg = Release|Win32
		{0A02BEBC-7EDF-47FB-A8BD-1C8FA4ACFA71}.Release|x86.Build.0 = Release|Win32
		{FD34B200-7C7D-4202-9254-907EE18A9EA8}.Debug|x64.ActiveCfg = Debug|x64
		{FD34B200-7C7D-4202-9254-907EE18A9EA8}.Debug|x64.Build.0 = Debug|x64
		{FD34B200-7C7D-4202-9254-907EE18A9EA8}.Debug|x86.ActiveCfg = Debug|Win32
		{FD34B200-7C7D-4202-9254-907EE18A9EA8}.Debug|x86.Build.0 = Debug|Win32
		{FD34B200-7C7D-4202-9254-907EE18A9EA8}.Release|x64.ActiveCfg = Release|x64
		{FD34B200-7C7D-4202-9254-907EE18A9EA8}.Release|x64.Build.0 = Release|x64
		{FD34B200-7C7D-4202-9254-907EE18A9EA8}.Release|x86.ActiveCfg = Release|Win32
		{FD34B200-7C7D-4202-9254-907EE18A9EA8}.Release|x86.Build.0 = Release|Win32
		{F30169CE-DEC4-4CD2-8D9E-3AD27675479C}.Debug|x64.ActiveCfg = Debug|x64
		{F30169CE-DEC4-4CD2-8D9E-3AD27675479C}.Debug|x64.Build.0 = Debug|x64
		{F30169CE-DEC4-4CD2-8D9E-3AD27675479C}.Debug|x86.ActiveCfg = Debug|Win32
		{F30169CE-DEC4-4CD2-8D9E-3AD27675479C}.Debug|x86.Build.0 = Debug|Win32
		{F30169CE-DEC4-4CD2-8D9E-3AD27675479C}.Release|x64.ActiveCfg = Release|x64
		{F30169CE-DEC4-4CD2-8D9E-3AD27675479C}.Release|x64.Build.0 = Release|x64
		{F30169CE-DEC4-4CD2-8D9E-3AD27675479C}.Release|x86.ActiveCfg = Release|Win32
		{F30169CE-DEC4-4CD2-8D9E-3AD27675479C}.Release|x86.Build.0 = Release|Win32
		{6C16167D-21E0-4F98-B2D0-0976B385BC4F}.Debug|x64.ActiveCfg = Debug|x64
		{6C16167D-21E0-4F98-B2D0-0976B385BC4F}.Debug|x64.Build.0 = Debug|x64
		{6C16167D-21E0-4F98-B2D0-0976B385BC4F}.Debug|x86.ActiveCfg = Debug|Win32
		{6C16167D-21E0-4F98-B2D0-0976B385BC4F}.Debug|x86.Build.0 = Debug|Win32
		{6C16167D-21E0-4F98-B2D0-0976B385BC4F}.Release|x64.ActiveCfg = Release|x64
		{6C16167D-21E0-4F98-B2D0-0976B385BC4F}.Release|x64.Build.0 = Release|x64
		{6C16167D-21E0-4F98-B2D0-0976B385BC4F}.Release|x86.ActiveCfg = Release|Win32
		{6C16167D-21E0-4F98-B2D0-0976B385BC4F}.Release|x86.Build.0 = Release|Win32
		{BF624634-AB13-47E2-8F51-FA1255CB42F6}.Debug|x64.ActiveCfg = Debug|x64
		{BF624634-AB13-47E2-8F51-FA1255CB42F6}.Debug|x64.Build.0 = Debug|x64
		{BF624634-AB13-47E2-8F51-FA1255CB42F6}.Debug|x86.ActiveCfg = Debug|Win32
		{BF624634-AB13-47E2-8F51-FA1255CB42F6}.Debug|x86.Build.0 = Debug|Win32
		{BF624634-AB13-47E2-8F51-FA1255CB42F6}.Release|x64.ActiveCfg = Release|x64
		{BF624634-AB13-47E2-8F51-FA1255CB42F6}.Release|x64.Build.0 = Release|x64
		{BF624634-AB13-47E2-8F51-FA1255CB42F6}.Release|x86.ActiveCfg = Release|Win32
		{BF624634-AB13-47E2-8F51-FA1255CB42F6}.Release|x86.Build.0 = Release|Win32
		{6D9BCA09-35A9-4460-8BEC-9BB6A0D14AE5}.Debug|x64.ActiveCfg = Debug|x64
		{6D9BCA09-35A9-4460-8BEC-9BB6A0D14AE5}.Debug|x64.Build.0 = Debug|x64
		{6D9BCA09-35A9-4460-8BEC-9BB6A0D14AE5}.Debug|x86.ActiveCfg = Debug|Win32
		{6D9BCA09-35A9-4460-8BEC-9BB6A0D14AE5}.Debug|x86.Build.0 = Debug|Win32
		{6D9BCA09-35A9-4460-8BEC-9BB6A0D14AE5}.Release|x64.ActiveCfg = Release|x64
		{6D9BCA09-35A9-4460-8BEC-9BB6A0D14AE5}.Release|x64.Build.0 = Release|x64
		{6D9BCA09-35A9-4460-8BEC-9BB6A0D14AE5}.Release|x86.ActiveCfg = Release|Win32
		{6D9BCA09-35A9-4460-8BEC-9BB6A0D14AE5}.Release|x86.Build.0 = Release|Win32
		{65889B35-2918-4BB1-A216-E10ECC514058}.Debug|x64.ActiveCfg = Debug|x64
		{65889B35-2918-4BB1-A216-E10ECC514058}.Debug|x64.Build.0 = Debug|x64
		{65889B35-2918-4BB1-A216-E10ECC514058}.Debug|x86.ActiveCfg = Debug|Win32
		{65889B35-2918-4BB1-A216-E10ECC514058}.Debug|x86.Build.0 = Debug|Win32
		{65889B35-2918-4BB1-A216-E10ECC514058}.Release|x64.ActiveCfg = Release|x64
		{65889B35-2918-4BB1-A216-E10ECC514058}.Release|x64.Build.0 = Release|x64
		{65889B35-2918-4BB1-A216-E10ECC514058}.Release|x86.ActiveCfg = Release|Win32
		{65889B35-2918-4BB1-A216-E10ECC514058}.Release|x86.Build.0 = Release|Win32
		{CDC9A720-EC2F-45D3-A2F0-9A721DB29A2A}.Debug|x64.ActiveCfg = Debug|x64
		{CDC9A720-EC2F-45D3-A2F0-9A721DB29A2A}.Debug|x64.Build.0 = Debug|x64
		{CDC9A720-EC2F-45D3-A2F0-9A721DB29A2A}.Debug|x86.ActiveCfg = Debug|Win32
		{CDC9A720-EC2F-45D3-A2F0-9A721DB29A2A}.Debug|x86.Build.0 = Debug|Win32
		{CDC9A720-EC2F-45D3-A2F0-9A721DB29A2A}.Release|x64.ActiveCfg = Release|x64
		{CDC9A720-EC2F-45D3-A2F0-9A721DB29A2A}.Release|x64.Build.0 = Release|x64
		{CDC9A720-EC2F-45D3-A2F0-9A721DB29A2A}.Release|x86.ActiveCfg = Release|Win32
		{CDC9A720-EC2F-45D3-A2F0-9A721DB29A2A}.Release|x86.Build.0 = Release|Win32
		{444360FF-FC46-4B63-89CF-8F042E62271B}.Debug|x64.ActiveCfg = Debug|x64
		{444360FF-FC46-4B63-89CF-8F042E62271B}.Debug|x64.Build.0 = Debug|x64
		{444360FF-FC46-4B63-89CF-8F042E62271B}.Debug|x86.ActiveCfg = Debug|Win32
		{444360FF-FC46-4B63-89CF-8F042E62271B}.Debug|x86.Build.0 = Debug|Win32
		{444360FF-FC46-4B63-89CF-8F042E62271B}.Release|x64.ActiveCfg = Release|x64
		{444360FF-FC46-4B63-89CF-8F042E62271B}.Release|x64.Build.0 = Release|x64
		{444360FF-FC46-4B63-89CF-8F042E62271B}.Release|x86.ActiveCfg = Release|Win32
		{444360FF-FC46-4B63-89CF-8F042E62271B}.Release|x86.Build.0 = Release|Win32
		{B5BC79F6-4781-4D44-BA5E-AC03AF55A8B7}.Debug|x64.ActiveCfg = Debug|x64
		{B5BC79F6-4781-4D44-BA5E-AC03AF55A8B7}.Debug|x64.Build.0 = Debug|x64
		{B5BC79F6-4781-4D44-BA5E-AC03AF55A8B7}.Debug|x86.ActiveCfg = Debug|Win32
		{B5BC79F6-4781-4D44-BA5E-AC03AF55A8B7}.Debug|x86.Build.0 = Debug|Win32
		{B5BC79F6-4781-4D44-BA5E-AC03AF55A8B7}.Release|x64.ActiveCfg = Release|x64
		{B5BC79F6-4781-4D44-BA5E-AC03AF55A8B7}.Release|x64.Build.0 = Release|x64
		{B5BC79F6-4781-4D44-BA5E-AC03AF55A8B7}.Release|x86.ActiveCfg = Release|Win32
		{B5BC79F6-4781-4D44-BA5E-AC03AF55A8B7}.Release|x86.Build.0 = Release|Win32
	EndGlobalSection
	GlobalSection(SolutionProperties) = preSolution
		HideSolutionNode = FALSE
	EndGlobalSection
	GlobalSection(ExtensibilityGlobals) = postSolution
		SolutionGuid = {390631CF-77FD-437D-BBFF-FBA032CD4FEC}
	EndGlobalSection
EndGlobal
